hash: f49dabae419dafedf7fb9e35c6ed06229373bcdf168f0fb492ad9e01a6df9383
updated: 2017-09-25T23:54:44.613099466+02:00
imports:
- name: github.com/gotk3/gotk3
  version: 83307073d5a2ef29b1bd1c1d49eefa39c53a41fe
  subpackages:
  - cairo
  - gdk
  - glib
  - gtk
  - pango
- name: github.com/kardianos/osext
  version: ae77be60afb1dcacde03767a8c37337fad28ac14
testImports: []
